
Microsoft Visual Studio Solution File, Format Version 12.00
# Visual Studio 2013
VisualStudioVersion = 12.0.40629.0
MinimumVisualStudioVersion = 10.0.40219.1
Project("{FAE04EC0-301F-11D3-BF4B-00C04F79EFBC}") = "RL.Core", "RL.Core\RL.Core.csproj", "{6B04D610-DAED-4781-BF59-DE81D6BFBCA0}"
EndProject
Project("{2150E333-8FDC-42A3-9474-1A3956D46DE8}") = "Examples", "Examples", "{D25E315B-54CA-40BD-84CE-DC3AD73C1C09}"
EndProject
Project("{FAE04EC0-301F-11D3-BF4B-00C04F79EFBC}") = "E1M1", "Examples\E1M1\E1M1.csproj", "{350DF562-27C9-4DA3-A3FE-8C51DEEA0605}"
EndProject
Project("{FAE04EC0-301F-11D3-BF4B-00C04F79EFBC}") = "E1M2", "Examples\E1M2\E1M2.csproj", "{68E09864-4674-4A09-88C1-A0058EF5E3DC}"
EndProject
Project("{FAE04EC0-301F-11D3-BF4B-00C04F79EFBC}") = "E2M1", "Examples\E2M1\E2M1.csproj", "{BCF7176F-C51E-4981-94C7-6BE4FB4BC7A4}"
EndProject
Project("{FAE04EC0-301F-11D3-BF4B-00C04F79EFBC}") = "E1M3", "Examples\E1M3\E1M3.csproj", "{26AE446A-2574-40DC-888C-6EEC16A81562}"
EndProject
Project("{FAE04EC0-301F-11D3-BF4B-00C04F79EFBC}") = "E1M4", "Examples\E1M4\E1M4.csproj", "{724FF5F2-95AB-4DA2-ACAC-8E1CB8B15999}"
EndProject
Project("{FAE04EC0-301F-11D3-BF4B-00C04F79EFBC}") = "E2M2", "Examples\E2M2\E2M2.csproj", "{13CABD32-AFDE-4640-80D3-5190B8E7978F}"
EndProject
Project("{FAE04EC0-301F-11D3-BF4B-00C04F79EFBC}") = "E2M3", "Examples\E2M3\E2M3.csproj", "{28FF2EAD-F55E-4F3B-AA3F-05C8A972E539}"
EndProject
Project("{FAE04EC0-301F-11D3-BF4B-00C04F79EFBC}") = "E1M5", "Examples\E1M5\E1M5.csproj", "{801F8CC6-EBBD-4359-A4C9-E1EA2AC0066D}"
EndProject
Project("{FAE04EC0-301F-11D3-BF4B-00C04F79EFBC}") = "E1M6", "Examples\E1M6\E1M6.csproj", "{2D261846-F19C-4FE5-A6AC-E8D19CCAD77A}"
EndProject
Project("{FAE04EC0-301F-11D3-BF4B-00C04F79EFBC}") = "E2M4", "Examples\E2M4\E2M4.csproj", "{E446E9B5-E8FA-4504-94CA-BBB76F03F124}"
EndProject
Project("{FAE04EC0-301F-11D3-BF4B-00C04F79EFBC}") = "E2M5", "Examples\E2M5\E2M5.csproj", "{38181C21-71B7-44E1-8364-7C57976627AE}"
EndProject
Project("{FAE04EC0-301F-11D3-BF4B-00C04F79EFBC}") = "RL.UI", "RL.UI\RL.UI.csproj", "{419CBC13-5B6E-4889-AF22-4CA292F0304C}"
EndProject
Project("{FAE04EC0-301F-11D3-BF4B-00C04F79EFBC}") = "E3M1", "Examples\E3M1\E3M1.csproj", "{83D88558-0485-4BD0-A22D-36BBCCB58B9F}"
EndProject
Project("{FAE04EC0-301F-11D3-BF4B-00C04F79EFBC}") = "E3M2", "Examples\E3M2\E3M2.csproj", "{C3EEEFA7-0CEE-467A-98B4-6D5C5A138402}"
EndProject
Project("{FAE04EC0-301F-11D3-BF4B-00C04F79EFBC}") = "E3M3", "Examples\E3M3\E3M3.csproj", "{51F933A7-FD2D-4BC8-A2C3-AAC6A7D5F7AB}"
EndProject
Project("{FAE04EC0-301F-11D3-BF4B-00C04F79EFBC}") = "E3M4", "Examples\E3M4\E3M4.csproj", "{1632D406-3C7C-48B9-B514-CE711398F48F}"
EndProject
Global
	GlobalSection(SolutionConfigurationPlatforms) = preSolution
		Debug|Any CPU = Debug|Any CPU
		Release|Any CPU = Release|Any CPU
	EndGlobalSection
	GlobalSection(ProjectConfigurationPlatforms) = postSolution
		{6B04D610-DAED-4781-BF59-DE81D6BFBCA0}.Debug|Any CPU.ActiveCfg = Debug|Any CPU
		{6B04D610-DAED-4781-BF59-DE81D6BFBCA0}.Debug|Any CPU.Build.0 = Debug|Any CPU
		{6B04D610-DAED-4781-BF59-DE81D6BFBCA0}.Release|Any CPU.ActiveCfg = Release|Any CPU
		{6B04D610-DAED-4781-BF59-DE81D6BFBCA0}.Release|Any CPU.Build.0 = Release|Any CPU
		{350DF562-27C9-4DA3-A3FE-8C51DEEA0605}.Debug|Any CPU.ActiveCfg = Debug|Any CPU
		{350DF562-27C9-4DA3-A3FE-8C51DEEA0605}.Debug|Any CPU.Build.0 = Debug|Any CPU
		{350DF562-27C9-4DA3-A3FE-8C51DEEA0605}.Release|Any CPU.ActiveCfg = Release|Any CPU
		{350DF562-27C9-4DA3-A3FE-8C51DEEA0605}.Release|Any CPU.Build.0 = Release|Any CPU
		{68E09864-4674-4A09-88C1-A0058EF5E3DC}.Debug|Any CPU.ActiveCfg = Debug|Any CPU
		{68E09864-4674-4A09-88C1-A0058EF5E3DC}.Debug|Any CPU.Build.0 = Debug|Any CPU
		{68E09864-4674-4A09-88C1-A0058EF5E3DC}.Release|Any CPU.ActiveCfg = Release|Any CPU
		{68E09864-4674-4A09-88C1-A0058EF5E3DC}.Release|Any CPU.Build.0 = Release|Any CPU
		{BCF7176F-C51E-4981-94C7-6BE4FB4BC7A4}.Debug|Any CPU.ActiveCfg = Debug|Any CPU
		{BCF7176F-C51E-4981-94C7-6BE4FB4BC7A4}.Debug|Any CPU.Build.0 = Debug|Any CPU
		{BCF7176F-C51E-4981-94C7-6BE4FB4BC7A4}.Release|Any CPU.ActiveCfg = Release|Any CPU
		{BCF7176F-C51E-4981-94C7-6BE4FB4BC7A4}.Release|Any CPU.Build.0 = Release|Any CPU
		{26AE446A-2574-40DC-888C-6EEC16A81562}.Debug|Any CPU.ActiveCfg = Debug|Any CPU
		{26AE446A-2574-40DC-888C-6EEC16A81562}.Debug|Any CPU.Build.0 = Debug|Any CPU
		{26AE446A-2574-40DC-888C-6EEC16A81562}.Release|Any CPU.ActiveCfg = Release|Any CPU
		{26AE446A-2574-40DC-888C-6EEC16A81562}.Release|Any CPU.Build.0 = Release|Any CPU
		{724FF5F2-95AB-4DA2-ACAC-8E1CB8B15999}.Debug|Any CPU.ActiveCfg = Debug|Any CPU
		{724FF5F2-95AB-4DA2-ACAC-8E1CB8B15999}.Debug|Any CPU.Build.0 = Debug|Any CPU
		{724FF5F2-95AB-4DA2-ACAC-8E1CB8B15999}.Release|Any CPU.ActiveCfg = Release|Any CPU
		{724FF5F2-95AB-4DA2-ACAC-8E1CB8B15999}.Release|Any CPU.Build.0 = Release|Any CPU
		{13CABD32-AFDE-4640-80D3-5190B8E7978F}.Debug|Any CPU.ActiveCfg = Debug|Any CPU
		{13CABD32-AFDE-4640-80D3-5190B8E7978F}.Debug|Any CPU.Build.0 = Debug|Any CPU
		{13CABD32-AFDE-4640-80D3-5190B8E7978F}.Release|Any CPU.ActiveCfg = Release|Any CPU
		{13CABD32-AFDE-4640-80D3-5190B8E7978F}.Release|Any CPU.Build.0 = Release|Any CPU
		{28FF2EAD-F55E-4F3B-AA3F-05C8A972E539}.Debug|Any CPU.ActiveCfg = Debug|Any CPU
		{28FF2EAD-F55E-4F3B-AA3F-05C8A972E539}.Debug|Any CPU.Build.0 = Debug|Any CPU
		{28FF2EAD-F55E-4F3B-AA3F-05C8A972E539}.Release|Any CPU.ActiveCfg = Release|Any CPU
		{28FF2EAD-F55E-4F3B-AA3F-05C8A972E539}.Release|Any CPU.Build.0 = Release|Any CPU
		{801F8CC6-EBBD-4359-A4C9-E1EA2AC0066D}.Debug|Any CPU.ActiveCfg = Debug|Any CPU
		{801F8CC6-EBBD-4359-A4C9-E1EA2AC0066D}.Debug|Any CPU.Build.0 = Debug|Any CPU
		{801F8CC6-EBBD-4359-A4C9-E1EA2AC0066D}.Release|Any CPU.ActiveCfg = Release|Any CPU
		{801F8CC6-EBBD-4359-A4C9-E1EA2AC0066D}.Release|Any CPU.Build.0 = Release|Any CPU
		{2D261846-F19C-4FE5-A6AC-E8D19CCAD77A}.Debug|Any CPU.ActiveCfg = Debug|Any CPU
		{2D261846-F19C-4FE5-A6AC-E8D19CCAD77A}.Debug|Any CPU.Build.0 = Debug|Any CPU
		{2D261846-F19C-4FE5-A6AC-E8D19CCAD77A}.Release|Any CPU.ActiveCfg = Release|Any CPU
		{2D261846-F19C-4FE5-A6AC-E8D19CCAD77A}.Release|Any CPU.Build.0 = Release|Any CPU
		{E446E9B5-E8FA-4504-94CA-BBB76F03F124}.Debug|Any CPU.ActiveCfg = Debug|Any CPU
		{E446E9B5-E8FA-4504-94CA-BBB76F03F124}.Debug|Any CPU.Build.0 = Debug|Any CPU
		{E446E9B5-E8FA-4504-94CA-BBB76F03F124}.Release|Any CPU.ActiveCfg = Release|Any CPU
		{E446E9B5-E8FA-4504-94CA-BBB76F03F124}.Release|Any CPU.Build.0 = Release|Any CPU
		{38181C21-71B7-44E1-8364-7C57976627AE}.Debug|Any CPU.ActiveCfg = Debug|Any CPU
		{38181C21-71B7-44E1-8364-7C57976627AE}.Debug|Any CPU.Build.0 = Debug|Any CPU
		{38181C21-71B7-44E1-8364-7C57976627AE}.Release|Any CPU.ActiveCfg = Release|Any CPU
		{38181C21-71B7-44E1-8364-7C57976627AE}.Release|Any CPU.Build.0 = Release|Any CPU
		{419CBC13-5B6E-4889-AF22-4CA292F0304C}.Debug|Any CPU.ActiveCfg = Debug|Any CPU
		{419CBC13-5B6E-4889-AF22-4CA292F0304C}.Debug|Any CPU.Build.0 = Debug|Any CPU
		{419CBC13-5B6E-4889-AF22-4CA292F0304C}.Release|Any CPU.ActiveCfg = Release|Any CPU
		{419CBC13-5B6E-4889-AF22-4CA292F0304C}.Release|Any CPU.Build.0 = Release|Any CPU
		{83D88558-0485-4BD0-A22D-36BBCCB58B9F}.Debug|Any CPU.ActiveCfg = Debug|Any CPU
		{83D88558-0485-4BD0-A22D-36BBCCB58B9F}.Debug|Any CPU.Build.0 = Debug|Any CPU
		{83D88558-0485-4BD0-A22D-36BBCCB58B9F}.Release|Any CPU.ActiveCfg = Release|Any CPU
		{83D88558-0485-4BD0-A22D-36BBCCB58B9F}.Release|Any CPU.Build.0 = Release|Any CPU
		{C3EEEFA7-0CEE-467A-98B4-6D5C5A138402}.Debug|Any CPU.ActiveCfg = Debug|Any CPU
		{C3EEEFA7-0CEE-467A-98B4-6D5C5A138402}.Debug|Any CPU.Build.0 = Debug|Any CPU
		{C3EEEFA7-0CEE-467A-98B4-6D5C5A138402}.Release|Any CPU.ActiveCfg = Release|Any CPU
		{C3EEEFA7-0CEE-467A-98B4-6D5C5A138402}.Release|Any CPU.Build.0 = Release|Any CPU
		{51F933A7-FD2D-4BC8-A2C3-AAC6A7D5F7AB}.Debug|Any CPU.ActiveCfg = Debug|Any CPU
		{51F933A7-FD2D-4BC8-A2C3-AAC6A7D5F7AB}.Debug|Any CPU.Build.0 = Debug|Any CPU
		{51F933A7-FD2D-4BC8-A2C3-AAC6A7D5F7AB}.Release|Any CPU.ActiveCfg = Release|Any CPU
		{51F933A7-FD2D-4BC8-A2C3-AAC6A7D5F7AB}.Release|Any CPU.Build.0 = Release|Any CPU
		{1632D406-3C7C-48B9-B514-CE711398F48F}.Debug|Any CPU.ActiveCfg = Debug|Any CPU
		{1632D406-3C7C-48B9-B514-CE711398F48F}.Debug|Any CPU.Build.0 = Debug|Any CPU
		{1632D406-3C7C-48B9-B514-CE711398F48F}.Release|Any CPU.ActiveCfg = Release|Any CPU
		{1632D406-3C7C-48B9-B514-CE711398F48F}.Release|Any CPU.Build.0 = Release|Any CPU
	EndGlobalSection
	GlobalSection(SolutionProperties) = preSolution
		HideSolutionNode = FALSE
	EndGlobalSection
	GlobalSection(NestedProjects) = preSolution
		{350DF562-27C9-4DA3-A3FE-8C51DEEA0605} = {D25E315B-54CA-40BD-84CE-DC3AD73C1C09}
		{68E09864-4674-4A09-88C1-A0058EF5E3DC} = {D25E315B-54CA-40BD-84CE-DC3AD73C1C09}
		{BCF7176F-C51E-4981-94C7-6BE4FB4BC7A4} = {D25E315B-54CA-40BD-84CE-DC3AD73C1C09}
		{26AE446A-2574-40DC-888C-6EEC16A81562} = {D25E315B-54CA-40BD-84CE-DC3AD73C1C09}
		{724FF5F2-95AB-4DA2-ACAC-8E1CB8B15999} = {D25E315B-54CA-40BD-84CE-DC3AD73C1C09}
		{13CABD32-AFDE-4640-80D3-5190B8E7978F} = {D25E315B-54CA-40BD-84CE-DC3AD73C1C09}
		{28FF2EAD-F55E-4F3B-AA3F-05C8A972E539} = {D25E315B-54CA-40BD-84CE-DC3AD73C1C09}
		{801F8CC6-EBBD-4359-A4C9-E1EA2AC0066D} = {D25E315B-54CA-40BD-84CE-DC3AD73C1C09}
		{2D261846-F19C-4FE5-A6AC-E8D19CCAD77A} = {D25E315B-54CA-40BD-84CE-DC3AD73C1C09}
		{E446E9B5-E8FA-4504-94CA-BBB76F03F124} = {D25E315B-54CA-40BD-84CE-DC3AD73C1C09}
		{38181C21-71B7-44E1-8364-7C57976627AE} = {D25E315B-54CA-40BD-84CE-DC3AD73C1C09}
		{83D88558-0485-4BD0-A22D-36BBCCB58B9F} = {D25E315B-54CA-40BD-84CE-DC3AD73C1C09}
		{C3EEEFA7-0CEE-467A-98B4-6D5C5A138402} = {D25E315B-54CA-40BD-84CE-DC3AD73C1C09}
		{51F933A7-FD2D-4BC8-A2C3-AAC6A7D5F7AB} = {D25E315B-54CA-40BD-84CE-DC3AD73C1C09}
		{1632D406-3C7C-48B9-B514-CE711398F48F} = {D25E315B-54CA-40BD-84CE-DC3AD73C1C09}
	EndGlobalSection
EndGlobal
